version = 1
revision = 1
requires-python = ">=3.10.16"
resolution-markers = [
    "python_full_version >= '3.12'",
    "python_full_version == '3.11.*'",
    "python_full_version < '3.11'",
]

[[package]]
name = "beautifulsoup4"
version = "4.13.3"
source = { registry = "https://pypi.org/simple" }
dependencies = [
    { name = "soupsieve" },
    { name = "typing-extensions" },
]
sdist = { url = "https://files.pythonhosted.org/packages/f0/3c/adaf39ce1fb4afdd21b611e3d530b183bb7759c9b673d60db0e347fd4439/beautifulsoup4-4.13.3.tar.gz", hash = "sha256:1bd32405dacc920b42b83ba01644747ed77456a65760e285fbc47633ceddaf8b", size = 619516 }
wheels = [
    { url = "https://files.pythonhosted.org/packages/f9/49/6abb616eb3cbab6a7cca303dc02fdf3836de2e0b834bf966a7f5271a34d8/beautifulsoup4-4.13.3-py3-none-any.whl", hash = "sha256:99045d7d3f08f91f0d656bc9b7efbae189426cd913d830294a15eefa0ea4df16", size = 186015 },
]

[[package]]
name = "pillow"
version = "11.1.0"
source = { registry = "https://pypi.org/simple" }
sdist = { url = "https://files.pythonhosted.org/packages/f3/af/c097e544e7bd278333db77933e535098c259609c4eb3b85381109602fb5b/pillow-11.1.0.tar.gz", hash = "sha256:368da70808b36d73b4b390a8ffac11069f8a5c85f29eff1f1b01bcf3ef5b2a20", size = 46742715 }
wheels = [
    { url = "https://files.pythonhosted.org/packages/50/1c/2dcea34ac3d7bc96a1fd1bd0a6e06a57c67167fec2cff8d95d88229a8817/pillow-11.1.0-cp310-cp310-macosx_10_10_x86_64.whl", hash = "sha256:e1abe69aca89514737465752b4bcaf8016de61b3be1397a8fc260ba33321b3a8", size = 3229983 },
    { url = "https://files.pythonhosted.org/packages/14/ca/6bec3df25e4c88432681de94a3531cc738bd85dea6c7aa6ab6f81ad8bd11/pillow-11.1.0-cp310-cp310-macosx_11_0_arm64.whl", hash = "sha256:c640e5a06869c75994624551f45e5506e4256562ead981cce820d5ab39ae2192", size = 3101831 },
    { url = "https://files.pythonhosted.org/packages/d4/2c/668e18e5521e46eb9667b09e501d8e07049eb5bfe39d56be0724a43117e6/pillow-11.1.0-cp310-cp310-manylinux_2_17_aarch64.manylinux2014_aarch64.whl", hash = "sha256:a07dba04c5e22824816b2615ad7a7484432d7f540e6fa86af60d2de57b0fcee2", size = 4314074 },
    { url = "https://files.pythonhosted.org/packages/02/80/79f99b714f0fc25f6a8499ecfd1f810df12aec170ea1e32a4f75746051ce/pillow-11.1.0-cp310-cp310-manylinux_2_17_x86_64.manylinux2014_x86_64.whl", hash = "sha256:e267b0ed063341f3e60acd25c05200df4193e15a4a5807075cd71225a2386e26", size = 4394933 },
    { url = "https://files.pythonhosted.org/packages/81/aa/8d4ad25dc11fd10a2001d5b8a80fdc0e564ac33b293bdfe04ed387e0fd95/pillow-11.1.0-cp310-cp310-manylinux_2_28_aarch64.whl", hash = "sha256:bd165131fd51697e22421d0e467997ad31621b74bfc0b75956608cb2906dda07", size = 4353349 },
    { url = "https://files.pythonhosted.org/packages/84/7a/cd0c3eaf4a28cb2a74bdd19129f7726277a7f30c4f8424cd27a62987d864/pillow-11.1.0-cp310-cp310-manylinux_2_28_x86_64.whl", hash = "sha256:abc56501c3fd148d60659aae0af6ddc149660469082859fa7b066a298bde9482", size = 4476532 },
    { url = "https://files.pythonhosted.org/packages/8f/8b/a907fdd3ae8f01c7670dfb1499c53c28e217c338b47a813af8d815e7ce97/pillow-11.1.0-cp310-cp310-musllinux_1_2_aarch64.whl", hash = "sha256:54ce1c9a16a9561b6d6d8cb30089ab1e5eb66918cb47d457bd996ef34182922e", size = 4279789 },
    { url = "https://files.pythonhosted.org/packages/6f/9a/9f139d9e8cccd661c3efbf6898967a9a337eb2e9be2b454ba0a09533100d/pillow-11.1.0-cp310-cp310-musllinux_1_2_x86_64.whl", hash = "sha256:73ddde795ee9b06257dac5ad42fcb07f3b9b813f8c1f7f870f402f4dc54b5269", size = 4413131 },
    { url = "https://files.pythonhosted.org/packages/a8/68/0d8d461f42a3f37432203c8e6df94da10ac8081b6d35af1c203bf3111088/pillow-11.1.0-cp310-cp310-win32.whl", hash = "sha256:3a5fe20a7b66e8135d7fd617b13272626a28278d0e578c98720d9ba4b2439d49", size = 2291213 },
    { url = "https://files.pythonhosted.org/packages/14/81/d0dff759a74ba87715509af9f6cb21fa21d93b02b3316ed43bda83664db9/pillow-11.1.0-cp310-cp310-win_amd64.whl", hash = "sha256:b6123aa4a59d75f06e9dd3dac5bf8bc9aa383121bb3dd9a7a612e05eabc9961a", size = 2625725 },
    { url = "https://files.pythonhosted.org/packages/ce/1f/8d50c096a1d58ef0584ddc37e6f602828515219e9d2428e14ce50f5ecad1/pillow-11.1.0-cp310-cp310-win_arm64.whl", hash = "sha256:a76da0a31da6fcae4210aa94fd779c65c75786bc9af06289cd1c184451ef7a65", size = 2375213 },
    { url = "https://files.pythonhosted.org/packages/dd/d6/2000bfd8d5414fb70cbbe52c8332f2283ff30ed66a9cde42716c8ecbe22c/pillow-11.1.0-cp311-cp311-macosx_10_10_x86_64.whl", hash = "sha256:e06695e0326d05b06833b40b7ef477e475d0b1ba3a6d27da1bb48c23209bf457", size = 3229968 },
    { url = "https://files.pythonhosted.org/packages/d9/45/3fe487010dd9ce0a06adf9b8ff4f273cc0a44536e234b0fad3532a42c15b/pillow-11.1.0-cp311-cp311-macosx_11_0_arm64.whl", hash = "sha256:96f82000e12f23e4f29346e42702b6ed9a2f2fea34a740dd5ffffcc8c539eb35", size = 3101806 },
    { url = "https://files.pythonhosted.org/packages/e3/72/776b3629c47d9d5f1c160113158a7a7ad177688d3a1159cd3b62ded5a33a/pillow-11.1.0-cp311-cp311-manylinux_2_17_aarch64.manylinux2014_aarch64.whl", hash = "sha256:a3cd561ded2cf2bbae44d4605837221b987c216cff94f49dfeed63488bb228d2", size = 4322283 },
    { url = "https://files.pythonhosted.org/packages/e4/c2/e25199e7e4e71d64eeb869f5b72c7ddec70e0a87926398785ab944d92375/pillow-11.1.0-cp311-cp311-manylinux_2_17_x86_64.manylinux2014_x86_64.whl", hash = "sha256:f189805c8be5ca5add39e6f899e6ce2ed824e65fb45f3c28cb2841911da19070", size = 4402945 },
    { url = "https://files.pythonhosted.org/packages/c1/ed/51d6136c9d5911f78632b1b86c45241c712c5a80ed7fa7f9120a5dff1eba/pillow-11.1.0-cp311-cp311-manylinux_2_28_aarch64.whl", hash = "sha256:dd0052e9db3474df30433f83a71b9b23bd9e4ef1de13d92df21a52c0303b8ab6", size = 4361228 },
    { url = "https://files.pythonhosted.org/packages/48/a4/fbfe9d5581d7b111b28f1d8c2762dee92e9821bb209af9fa83c940e507a0/pillow-11.1.0-cp311-cp311-manylinux_2_28_x86_64.whl", hash = "sha256:837060a8599b8f5d402e97197d4924f05a2e0d68756998345c829c33186217b1", size = 4484021 },
    { url = "https://files.pythonhosted.org/packages/39/db/0b3c1a5018117f3c1d4df671fb8e47d08937f27519e8614bbe86153b65a5/pillow-11.1.0-cp311-cp311-musllinux_1_2_aarch64.whl", hash = "sha256:aa8dd43daa836b9a8128dbe7d923423e5ad86f50a7a14dc688194b7be5c0dea2", size = 4287449 },
    { url = "https://files.pythonhosted.org/packages/d9/58/bc128da7fea8c89fc85e09f773c4901e95b5936000e6f303222490c052f3/pillow-11.1.0-cp311-cp311-musllinux_1_2_x86_64.whl", hash = "sha256:0a2f91f8a8b367e7a57c6e91cd25af510168091fb89ec5146003e424e1558a96", size = 4419972 },
    { url = "https://files.pythonhosted.org/packages/5f/bb/58f34379bde9fe197f51841c5bbe8830c28bbb6d3801f16a83b8f2ad37df/pillow-11.1.0-cp311-cp311-win32.whl", hash = "sha256:c12fc111ef090845de2bb15009372175d76ac99969bdf31e2ce9b42e4b8cd88f", size = 2291201 },
    { url = "https://files.pythonhosted.org/packages/3a/c6/fce9255272bcf0c39e15abd2f8fd8429a954cf344469eaceb9d0d1366913/pillow-11.1.0-cp311-cp311-win_amd64.whl", hash = "sha256:fbd43429d0d7ed6533b25fc993861b8fd512c42d04514a0dd6337fb3ccf22761", size = 2625686 },
    { url = "https://files.pythonhosted.org/packages/c8/52/8ba066d569d932365509054859f74f2a9abee273edcef5cd75e4bc3e831e/pillow-11.1.0-cp311-cp311-win_arm64.whl", hash = "sha256:f7955ecf5609dee9442cbface754f2c6e541d9e6eda87fad7f7a989b0bdb9d71", size = 2375194 },
    { url = "https://files.pythonhosted.org/packages/95/20/9ce6ed62c91c073fcaa23d216e68289e19d95fb8188b9fb7a63d36771db8/pillow-11.1.0-cp312-cp312-macosx_10_13_x86_64.whl", hash = "sha256:2062ffb1d36544d42fcaa277b069c88b01bb7298f4efa06731a7fd6cc290b81a", size = 3226818 },
    { url = "https://files.pythonhosted.org/packages/b9/d8/f6004d98579a2596c098d1e30d10b248798cceff82d2b77aa914875bfea1/pillow-11.1.0-cp312-cp312-macosx_11_0_arm64.whl", hash = "sha256:a85b653980faad27e88b141348707ceeef8a1186f75ecc600c395dcac19f385b", size = 3101662 },
    { url = "https://files.pythonhosted.org/packages/08/d9/892e705f90051c7a2574d9f24579c9e100c828700d78a63239676f960b74/pillow-11.1.0-cp312-cp312-manylinux_2_17_aarch64.manylinux2014_aarch64.whl", hash = "sha256:9409c080586d1f683df3f184f20e36fb647f2e0bc3988094d4fd8c9f4eb1b3b3", size = 4329317 },
    { url = "https://files.pythonhosted.org/packages/8c/aa/7f29711f26680eab0bcd3ecdd6d23ed6bce180d82e3f6380fb7ae35fcf3b/pillow-11.1.0-cp312-cp312-manylinux_2_17_x86_64.manylinux2014_x86_64.whl", hash = "sha256:7fdadc077553621911f27ce206ffcbec7d3f8d7b50e0da39f10997e8e2bb7f6a", size = 4412999 },
    { url = "https://files.pythonhosted.org/packages/c8/c4/8f0fe3b9e0f7196f6d0bbb151f9fba323d72a41da068610c4c960b16632a/pillow-11.1.0-cp312-cp312-manylinux_2_28_aarch64.whl", hash = "sha256:93a18841d09bcdd774dcdc308e4537e1f867b3dec059c131fde0327899734aa1", size = 4368819 },
    { url = "https://files.pythonhosted.org/packages/38/0d/84200ed6a871ce386ddc82904bfadc0c6b28b0c0ec78176871a4679e40b3/pillow-11.1.0-cp312-cp312-manylinux_2_28_x86_64.whl", hash = "sha256:9aa9aeddeed452b2f616ff5507459e7bab436916ccb10961c4a382cd3e03f47f", size = 4496081 },
    { url = "https://files.pythonhosted.org/packages/84/9c/9bcd66f714d7e25b64118e3952d52841a4babc6d97b6d28e2261c52045d4/pillow-11.1.0-cp312-cp312-musllinux_1_2_aarch64.whl", hash = "sha256:3cdcdb0b896e981678eee140d882b70092dac83ac1cdf6b3a60e2216a73f2b91", size = 4296513 },
    { url = "https://files.pythonhosted.org/packages/db/61/ada2a226e22da011b45f7104c95ebda1b63dcbb0c378ad0f7c2a710f8fd2/pillow-11.1.0-cp312-cp312-musllinux_1_2_x86_64.whl", hash = "sha256:36ba10b9cb413e7c7dfa3e189aba252deee0602c86c309799da5a74009ac7a1c", size = 4431298 },
    { url = "https://files.pythonhosted.org/packages/e7/c4/fc6e86750523f367923522014b821c11ebc5ad402e659d8c9d09b3c9d70c/pillow-11.1.0-cp312-cp312-win32.whl", hash = "sha256:cfd5cd998c2e36a862d0e27b2df63237e67273f2fc78f47445b14e73a810e7e6", size = 2291630 },
    { url = "https://files.pythonhosted.org/packages/08/5c/2104299949b9d504baf3f4d35f73dbd14ef31bbd1ddc2c1b66a5b7dfda44/pillow-11.1.0-cp312-cp312-win_amd64.whl", hash = "sha256:a697cd8ba0383bba3d2d3ada02b34ed268cb548b369943cd349007730c92bddf", size = 2626369 },
    { url = "https://files.pythonhosted.org/packages/37/f3/9b18362206b244167c958984b57c7f70a0289bfb59a530dd8af5f699b910/pillow-11.1.0-cp312-cp312-win_arm64.whl", hash = "sha256:4dd43a78897793f60766563969442020e90eb7847463eca901e41ba186a7d4a5", size = 2375240 },
    { url = "https://files.pythonhosted.org/packages/b3/31/9ca79cafdce364fd5c980cd3416c20ce1bebd235b470d262f9d24d810184/pillow-11.1.0-cp313-cp313-macosx_10_13_x86_64.whl", hash = "sha256:ae98e14432d458fc3de11a77ccb3ae65ddce70f730e7c76140653048c71bfcbc", size = 3226640 },
    { url = "https://files.pythonhosted.org/packages/ac/0f/ff07ad45a1f172a497aa393b13a9d81a32e1477ef0e869d030e3c1532521/pillow-11.1.0-cp313-cp313-macosx_11_0_arm64.whl", hash = "sha256:cc1331b6d5a6e144aeb5e626f4375f5b7ae9934ba620c0ac6b3e43d5e683a0f0", size = 3101437 },
    { url = "https://files.pythonhosted.org/packages/08/2f/9906fca87a68d29ec4530be1f893149e0cb64a86d1f9f70a7cfcdfe8ae44/pillow-11.1.0-cp313-cp313-manylinux_2_17_aarch64.manylinux2014_aarch64.whl", hash = "sha256:758e9d4ef15d3560214cddbc97b8ef3ef86ce04d62ddac17ad39ba87e89bd3b1", size = 4326605 },
    { url = "https://files.pythonhosted.org/packages/b0/0f/f3547ee15b145bc5c8b336401b2d4c9d9da67da9dcb572d7c0d4103d2c69/pillow-11.1.0-cp313-cp313-manylinux_2_17_x86_64.manylinux2014_x86_64.whl", hash = "sha256:b523466b1a31d0dcef7c5be1f20b942919b62fd6e9a9be199d035509cbefc0ec", size = 4411173 },
    { url = "https://files.pythonhosted.org/packages/b1/df/bf8176aa5db515c5de584c5e00df9bab0713548fd780c82a86cba2c2fedb/pillow-11.1.0-cp313-cp313-manylinux_2_28_aarch64.whl", hash = "sha256:9044b5e4f7083f209c4e35aa5dd54b1dd5b112b108648f5c902ad586d4f945c5", size = 4369145 },
    { url = "https://files.pythonhosted.org/packages/de/7c/7433122d1cfadc740f577cb55526fdc39129a648ac65ce64db2eb7209277/pillow-11.1.0-cp313-cp313-manylinux_2_28_x86_64.whl", hash = "sha256:3764d53e09cdedd91bee65c2527815d315c6b90d7b8b79759cc48d7bf5d4f114", size = 4496340 },
    { url = "https://files.pythonhosted.org/packages/25/46/dd94b93ca6bd555588835f2504bd90c00d5438fe131cf01cfa0c5131a19d/pillow-11.1.0-cp313-cp313-musllinux_1_2_aarch64.whl", hash = "sha256:31eba6bbdd27dde97b0174ddf0297d7a9c3a507a8a1480e1e60ef914fe23d352", size = 4296906 },
    { url = "https://files.pythonhosted.org/packages/a8/28/2f9d32014dfc7753e586db9add35b8a41b7a3b46540e965cb6d6bc607bd2/pillow-11.1.0-cp313-cp313-musllinux_1_2_x86_64.whl", hash = "sha256:b5d658fbd9f0d6eea113aea286b21d3cd4d3fd978157cbf2447a6035916506d3", size = 4431759 },
    { url = "https://files.pythonhosted.org/packages/33/48/19c2cbe7403870fbe8b7737d19eb013f46299cdfe4501573367f6396c775/pillow-11.1.0-cp313-cp313-win32.whl", hash = "sha256:f86d3a7a9af5d826744fabf4afd15b9dfef44fe69a98541f666f66fbb8d3fef9", size = 2291657 },
    { url = "https://files.pythonhosted.org/packages/3b/ad/285c556747d34c399f332ba7c1a595ba245796ef3e22eae190f5364bb62b/pillow-11.1.0-cp313-cp313-win_amd64.whl", hash = "sha256:593c5fd6be85da83656b93ffcccc2312d2d149d251e98588b14fbc288fd8909c", size = 2626304 },
    { url = "https://files.pythonhosted.org/packages/e5/7b/ef35a71163bf36db06e9c8729608f78dedf032fc8313d19bd4be5c2588f3/pillow-11.1.0-cp313-cp313-win_arm64.whl", hash = "sha256:11633d58b6ee5733bde153a8dafd25e505ea3d32e261accd388827ee987baf65", size = 2375117 },
    { url = "https://files.pythonhosted.org/packages/79/30/77f54228401e84d6791354888549b45824ab0ffde659bafa67956303a09f/pillow-11.1.0-cp313-cp313t-macosx_10_13_x86_64.whl", hash = "sha256:70ca5ef3b3b1c4a0812b5c63c57c23b63e53bc38e758b37a951e5bc466449861", size = 3230060 },
    { url = "https://files.pythonhosted.org/packages/ce/b1/56723b74b07dd64c1010fee011951ea9c35a43d8020acd03111f14298225/pillow-11.1.0-cp313-cp313t-macosx_11_0_arm64.whl", hash = "sha256:8000376f139d4d38d6851eb149b321a52bb8893a88dae8ee7d95840431977081", size = 3106192 },
    { url = "https://files.pythonhosted.org/packages/e1/cd/7bf7180e08f80a4dcc6b4c3a0aa9e0b0ae57168562726a05dc8aa8fa66b0/pillow-11.1.0-cp313-cp313t-manylinux_2_17_x86_64.manylinux2014_x86_64.whl", hash = "sha256:9ee85f0696a17dd28fbcfceb59f9510aa71934b483d1f5601d1030c3c8304f3c", size = 4446805 },
    { url = "https://files.pythonhosted.org/packages/97/42/87c856ea30c8ed97e8efbe672b58c8304dee0573f8c7cab62ae9e31db6ae/pillow-11.1.0-cp313-cp313t-manylinux_2_28_x86_64.whl", hash = "sha256:dd0e081319328928531df7a0e63621caf67652c8464303fd102141b785ef9547", size = 4530623 },
    { url = "https://files.pythonhosted.org/packages/ff/41/026879e90c84a88e33fb00cc6bd915ac2743c67e87a18f80270dfe3c2041/pillow-11.1.0-cp313-cp313t-musllinux_1_2_x86_64.whl", hash = "sha256:e63e4e5081de46517099dc30abe418122f54531a6ae2ebc8680bcd7096860eab", size = 4465191 },
    { url = "https://files.pythonhosted.org/packages/e5/fb/a7960e838bc5df57a2ce23183bfd2290d97c33028b96bde332a9057834d3/pillow-11.1.0-cp313-cp313t-win32.whl", hash = "sha256:dda60aa465b861324e65a78c9f5cf0f4bc713e4309f83bc387be158b077963d9", size = 2295494 },
    { url = "https://files.pythonhosted.org/packages/d7/6c/6ec83ee2f6f0fda8d4cf89045c6be4b0373ebfc363ba8538f8c999f63fcd/pillow-11.1.0-cp313-cp313t-win_amd64.whl", hash = "sha256:ad5db5781c774ab9a9b2c4302bbf0c1014960a0a7be63278d13ae6fdf88126fe", size = 2631595 },
    { url = "https://files.pythonhosted.org/packages/cf/6c/41c21c6c8af92b9fea313aa47c75de49e2f9a467964ee33eb0135d47eb64/pillow-11.1.0-cp313-cp313t-win_arm64.whl", hash = "sha256:67cd427c68926108778a9005f2a04adbd5e67c442ed21d95389fe1d595458756", size = 2377651 },
    { url = "https://files.pythonhosted.org/packages/fa/c5/389961578fb677b8b3244fcd934f720ed25a148b9a5cc81c91bdf59d8588/pillow-11.1.0-pp310-pypy310_pp73-macosx_10_15_x86_64.whl", hash = "sha256:8c730dc3a83e5ac137fbc92dfcfe1511ce3b2b5d7578315b63dbbb76f7f51d90", size = 3198345 },
    { url = "https://files.pythonhosted.org/packages/c4/fa/803c0e50ffee74d4b965229e816af55276eac1d5806712de86f9371858fd/pillow-11.1.0-pp310-pypy310_pp73-macosx_11_0_arm64.whl", hash = "sha256:7d33d2fae0e8b170b6a6c57400e077412240f6f5bb2a342cf1ee512a787942bb", size = 3072938 },
    { url = "https://files.pythonhosted.org/packages/dc/67/2a3a5f8012b5d8c63fe53958ba906c1b1d0482ebed5618057ef4d22f8076/pillow-11.1.0-pp310-pypy310_pp73-manylinux_2_17_aarch64.manylinux2014_aarch64.whl", hash = "sha256:a8d65b38173085f24bc07f8b6c505cbb7418009fa1a1fcb111b1f4961814a442", size = 3400049 },
    { url = "https://files.pythonhosted.org/packages/e5/a0/514f0d317446c98c478d1872497eb92e7cde67003fed74f696441e647446/pillow-11.1.0-pp310-pypy310_pp73-manylinux_2_17_x86_64.manylinux2014_x86_64.whl", hash = "sha256:015c6e863faa4779251436db398ae75051469f7c903b043a48f078e437656f83", size = 3422431 },
    { url = "https://files.pythonhosted.org/packages/cd/00/20f40a935514037b7d3f87adfc87d2c538430ea625b63b3af8c3f5578e72/pillow-11.1.0-pp310-pypy310_pp73-manylinux_2_28_aarch64.whl", hash = "sha256:d44ff19eea13ae4acdaaab0179fa68c0c6f2f45d66a4d8ec1eda7d6cecbcc15f", size = 3446208 },
    { url = "https://files.pythonhosted.org/packages/28/3c/7de681727963043e093c72e6c3348411b0185eab3263100d4490234ba2f6/pillow-11.1.0-pp310-pypy310_pp73-manylinux_2_28_x86_64.whl", hash = "sha256:d3d8da4a631471dfaf94c10c85f5277b1f8e42ac42bade1ac67da4b4a7359b73", size = 3509746 },
    { url = "https://files.pythonhosted.org/packages/41/67/936f9814bdd74b2dfd4822f1f7725ab5d8ff4103919a1664eb4874c58b2f/pillow-11.1.0-pp310-pypy310_pp73-win_amd64.whl", hash = "sha256:4637b88343166249fe8aa94e7c4a62a180c4b3898283bb5d3d2fd5fe10d8e4e0", size = 2626353 },
]

[[package]]
name = "python-sat"
version = "1.8.dev14"
source = { registry = "https://pypi.org/simple" }
dependencies = [
    { name = "six" },
]
sdist = { url = "https://files.pythonhosted.org/packages/3e/44/92239f998dca4bff108e1feb824c53bbba6c9f87c6d3625268c3887cb302/python_sat-1.8.dev14.tar.gz", hash = "sha256:bbec9e329f2fc5b19b1517a9476b632dc1df39a755b29ddb805b78fad5f5d722", size = 5679262 }
wheels = [
    { url = "https://files.pythonhosted.org/packages/31/35/742420509edd1ea66cc687aa034f42dc49e968b73e9cdc112c866bca4fc7/python_sat-1.8.dev14-cp310-cp310-macosx_15_0_arm64.whl", hash = "sha256:976d54f75a22266b861c6aa145cb8c561c0b906fe5e8eb4f8d82d61be1b4f8c7", size = 1627337 },
    { url = "https://files.pythonhosted.org/packages/62/82/4142b1f83ae23103198efef9811f703d524d6ba33a999df8ff3dbbff871b/python_sat-1.8.dev14-cp310-cp310-manylinux_2_12_i686.manylinux2010_i686.manylinux_2_17_i686.manylinux2014_i686.whl", hash = "sha256:d0fa2bfe0b556958507ec9313f455a4c5a68897e2b60e81656ffdc1baf5c5b1f", size = 2737299 },
    { url = "https://files.pythonhosted.org/packages/7f/6d/c00b22216a4731f8dec745c6002bef8f85a9a38934a87093fd0e34ee82da/python_sat-1.8.dev14-cp310-cp310-manylinux_2_12_i686.manylinux2010_i686.whl", hash = "sha256:3e5e3517ec0015eda223f421c2f2dc08b4c449df4ce41a85d665493a54b4c066", size = 2737291 },
    { url = "https://files.pythonhosted.org/packages/6e/0d/ccc7be4cdae3e052cda9cb036c0cce82ba39ac0e33e8e25520c594dec60c/python_sat-1.8.dev14-cp310-cp310-manylinux_2_12_x86_64.manylinux2010_x86_64.manylinux_2_17_x86_64.manylinux2014_x86_64.whl", hash = "sha256:b71832921e9468aac5340f8c6e609b79f07152631494b3e4713142fe709a3bb8", size = 2700196 },
    { url = "https://files.pythonhosted.org/packages/26/9d/68bc8ba51298f8c51264421ae9484525b1d3b99a43b920404c8913e045c2/python_sat-1.8.dev14-cp310-cp310-manylinux_2_12_x86_64.manylinux2010_x86_64.manylinux_2_24_x86_64.whl", hash = "sha256:e6bd9e56f77302e92e107b559ec7165ddafb77bbc125742fe4249e1fc33a365e", size = 2700200 },
    { url = "https://files.pythonhosted.org/packages/f3/46/5ec52424998c240e8dc02b640751cbedd22babc9921a55d6065296e0d44a/python_sat-1.8.dev14-cp310-cp310-manylinux_2_12_x86_64.manylinux2010_x86_64.manylinux_2_28_x86_64.whl", hash = "sha256:2107d6da47926b967658293ff23cb9b2d0066f916899f3cab71fd2c4d8a81bc6", size = 2700197 },
    { url = "https://files.pythonhosted.org/packages/73/4a/bc88ea0247fdee2aad76e8c4c3a953e7fddd7ab01d9c4f53aefd7c3881ee/python_sat-1.8.dev14-cp310-cp310-manylinux_2_12_x86_64.manylinux2010_x86_64.whl", hash = "sha256:dfcc584e7b3444869efaebe915dd29bd090b8f1e21037807b41a47cd74fb4724", size = 2700193 },
    { url = "https://files.pythonhosted.org/packages/cb/89/4745ed8ed5959839cdd7243c0707008ddfa54901ed42a82c351ad5393c40/python_sat-1.8.dev14-cp310-cp310-manylinux_2_17_aarch64.manylinux2014_aarch64.manylinux_2_24_aarch64.whl", hash = "sha256:eebfaa2e9b7907415b074e05ad17595f8532579073a12ff162f0cd483b52f9fc", size = 2641666 },
    { url = "https://files.pythonhosted.org/packages/12/18/d40bce40720a98dabb652e109343e17dfffad884885bfd1ba5b3ed737843/python_sat-1.8.dev14-cp310-cp310-manylinux_2_17_aarch64.manylinux2014_aarch64.manylinux_2_28_aarch64.whl", hash = "sha256:88b0f62e5ec674074f0e6fdf642eceb88da823e04bd08a3e725acf39753b322f", size = 2641665 },
    { url = "https://files.pythonhosted.org/packages/68/1b/e44675d394100a3be064ddd546e585074144c53f09063098fd3b556188c7/python_sat-1.8.dev14-cp310-cp310-manylinux_2_17_aarch64.manylinux2014_aarch64.whl", hash = "sha256:9009e9b331d8984815d79d849fe93cee22f870d7a63059b6bca3aab0859e0aa1", size = 2641662 },
    { url = "https://files.pythonhosted.org/packages/9c/6e/27d64e726e265079b5b4b1535d91b6e7ff01ac06659530ed43250060b6ef/python_sat-1.8.dev14-cp310-cp310-win_amd64.whl", hash = "sha256:6ce215fceb8f4810cf3fd7faf02f41eb24f7198954d07c713e847e724030029b", size = 1287028 },
    { url = "https://files.pythonhosted.org/packages/90/6e/2f4c5f030606cec0fbfebac6c13b49ce73989828693a7e7020e22f73fc4d/python_sat-1.8.dev14-cp311-cp311-macosx_15_0_arm64.whl", hash = "sha256:37e7148446e22436823b148924544c0e4912724935d610ba362f8c3f16d05b62", size = 1627340 },
    { url = "https://files.pythonhosted.org/packages/10/0e/e866a2a9dfb95b1c64838f571cb81597085f549c0ebbf4294f62e13c5af9/python_sat-1.8.dev14-cp311-cp311-manylinux_2_17_aarch64.manylinux2014_aarch64.manylinux_2_24_aarch64.whl", hash = "sha256:e19a4ea999e9917182a63125549f9e1a57cf31691cfa3c649ebe08a479239f22", size = 2645302 },
    { url = "https://files.pythonhosted.org/packages/6a/45/ffab5d01ca4d36f97991a45db15f41f0d7d62f2b96cbb98f8e72007676c4/python_sat-1.8.dev14-cp311-cp311-manylinux_2_17_aarch64.manylinux2014_aarch64.manylinux_2_28_aarch64.whl", hash = "sha256:0e5b9da366beae351cd0814b294c1f08cb40edd0975ce9ad284ee39a7a876f71", size = 2645300 },
    { url = "https://files.pythonhosted.org/packages/56/7e/be861b91b91fd90891c144171eff6c24a66d9902f454cd342e7dcc2965d9/python_sat-1.8.dev14-cp311-cp311-manylinux_2_17_aarch64.manylinux2014_aarch64.whl", hash = "sha256:c284340c0bb17845f00fc903d661f6a488d0a492f60d9e6bc9374085ad6fd94c", size = 2645296 },
    { url = "https://files.pythonhosted.org/packages/f8/49/ab8d9fba8cf9df2e08bcdb5994745dc4824739550e37466b7a95ff48ce70/python_sat-1.8.dev14-cp311-cp311-manylinux_2_17_i686.manylinux2014_i686.whl", hash = "sha256:dc90b4ade1241f26055b49a51640bdc1065138a681b7f6c1b721f687e70ddf4f", size = 2790758 },
    { url = "https://files.pythonhosted.org/packages/db/fa/e87c89b97c4dd62675fd66cc09bac7bf0921a3fa09e0d9170fc2bd97f441/python_sat-1.8.dev14-cp311-cp311-manylinux_2_17_x86_64.manylinux2014_x86_64.manylinux_2_24_x86_64.whl", hash = "sha256:81c35efebe706373aa13a1744d7d65e176c9640771dcb554e602efe6e985e730", size = 2739509 },
    { url = "https://files.pythonhosted.org/packages/26/f6/57bb453e700253c6dda21c235c05e1255cac6165956edb8e43a80ae77c57/python_sat-1.8.dev14-cp311-cp311-manylinux_2_17_x86_64.manylinux2014_x86_64.manylinux_2_28_x86_64.whl", hash = "sha256:1c6c42fe9dcc4b88c4cac6abd0cf0fc482c526fa34316b7df29a9a20feb25659", size = 2739506 },
    { url = "https://files.pythonhosted.org/packages/f0/e8/b2f6d10e48c925049749994e5bc979d2bf1f3be98fc27b12383d6b2d502b/python_sat-1.8.dev14-cp311-cp311-manylinux_2_17_x86_64.manylinux2014_x86_64.whl", hash = "sha256:f8031efd94536851803dde4a881657bb8a06edd8955db64447a0aea63a3a7d59", size = 2739500 },
    { url = "https://files.pythonhosted.org/packages/6c/59/ec184db9e0de6abf2d2caeda549b5a770a8791e3bb1d249da1c60ea090c1/python_sat-1.8.dev14-cp311-cp311-win_amd64.whl", hash = "sha256:f4bbfb866b3d5ecb372ba6cf8f3ee581a93150a2c3ac679272257eba0f4a7848", size = 1287027 },
    { url = "https://files.pythonhosted.org/packages/dd/c0/583388753778e772751a6d72114cc468353defb42b2c3afd1f5d0eab319e/python_sat-1.8.dev14-cp312-cp312-macosx_15_0_arm64.whl", hash = "sha256:c0110bb4a9f9528187f6475108172b61d1ed9196b100dbf861b642a855c62a7e", size = 1627463 },
    { url = "https://files.pythonhosted.org/packages/73/49/ed026e9a8005b7189927e0caaee6e69ed3a5e8a7f0311d88394ae5c73c1e/python_sat-1.8.dev14-cp312-cp312-manylinux_2_17_i686.manylinux2014_i686.whl", hash = "sha256:e171c9afffc033567d13e5c152bd5e2f0aca3c005112a56b7577d42d8ab5708d", size = 2789405 },
    { url = "https://files.pythonhosted.org/packages/c7/f9/9a17439894fc4ce4ee091ebd9edd08ac273473973c384c8034220bd35f20/python_sat-1.8.dev14-cp312-cp312-manylinux_2_17_x86_64.manylinux2014_x86_64.manylinux_2_28_x86_64.whl", hash = "sha256:c1f79884695bd04bc4b8e44c8d38dd5897a2723c33ee78de8bf403601c8a7840", size = 2739413 },
    { url = "https://files.pythonhosted.org/packages/71/28/87d3a18cdddde1f22edccee85419589190e8b95511a8a0b374df1d84fede/python_sat-1.8.dev14-cp312-cp312-manylinux_2_17_x86_64.manylinux2014_x86_64.whl", hash = "sha256:e217d784c1ebe8508a335ca45e90e9cb308242c4c05b3f68f7efebc9229be2d7", size = 2739406 },
    { url = "https://files.pythonhosted.org/packages/93/a8/977ccae6870a53ae9ae37b66876dbcf4fc538db54553604d5fd923b15e2b/python_sat-1.8.dev14-cp312-cp312-manylinux_2_24_aarch64.manylinux_2_28_aarch64.whl", hash = "sha256:8ee41afa19f349cbb19834cdf1c7cc2f4b946d1cb78b3e94876a805aca9ba8f8", size = 2607422 },
    { url = "https://files.pythonhosted.org/packages/1e/31/c10329e3e17cd36c1834d0d3477cb41dcd149ec88181f136be296696af9e/python_sat-1.8.dev14-cp312-cp312-win_amd64.whl", hash = "sha256:5a0442a56a0438f833af5699057f430b5aa39286ab33a60f1b0de023535df305", size = 1287269 },
    { url = "https://files.pythonhosted.org/packages/fd/0f/26e6a1dfb84f8923327c0112f3da8379eb60cb667cf06dbf3eeacbc2d1d7/python_sat-1.8.dev14-cp313-cp313-macosx_15_0_arm64.whl", hash = "sha256:8528ccef025a78916bdc652c99db0d44181a6ba5a20b01161cd5d634c6b6eefb", size = 1627414 },
    { url = "https://files.pythonhosted.org/packages/0d/35/f963e77bfb89e73faf1f215d245fcd670c6c5a709d49b5594add62a17f02/python_sat-1.8.dev14-pp310-pypy310_pp73-macosx_11_0_arm64.whl", hash = "sha256:7a7fb747e045ff6d32a167a648cad603f6ef3ade88044d4548a489e077e5dbd5", size = 1662027 },
    { url = "https://files.pythonhosted.org/packages/c7/01/ca9b043bdfd157ecfa007f2a7f486021f6aa1693f956e861430d442b20d5/python_sat-1.8.dev14-pp310-pypy310_pp73-manylinux_2_17_i686.manylinux2014_i686.whl", hash = "sha256:efbda94126809cd80c178275733109696ef59c20df2058b9818c5031536f529e", size = 1907789 },
    { url = "https://files.pythonhosted.org/packages/57/46/4f838ec1a81953a497e461bf08bb9df775115f96551319b5d939f7873a48/python_sat-1.8.dev14-pp310-pypy310_pp73-manylinux_2_17_x86_64.manylinux2014_x86_64.manylinux_2_28_x86_64.whl", hash = "sha256:b496991c0488c2a57951460bcb61f1eb3da8df7afe64d02983572c4fba1d97dc", size = 1819832 },
    { url = "https://files.pythonhosted.org/packages/2e/f7/1066b28242f514f0f05414f5b2c1b674faa550420b16c4ee49d8a404ead0/python_sat-1.8.dev14-pp310-pypy310_pp73-manylinux_2_17_x86_64.manylinux2014_x86_64.whl", hash = "sha256:0767299bbea0716d9c12648eb3b2b8d0185af6f2ba032b4fa5e235d9cdb6219e", size = 1819829 },
    { url = "https://files.pythonhosted.org/packages/a9/64/927f1e70fc10ec5e249bbeaef885e800a4375c77dbbee69d24e2bc8c07a6/python_sat-1.8.dev14-pp310-pypy310_pp73-manylinux_2_24_aarch64.manylinux_2_28_aarch64.whl", hash = "sha256:0a4d460da90cfaf9d2fd7909ae7d8c429c0bc42595775f0f44769d4670897846", size = 1732182 },
]

[[package]]
name = "six"
version = "1.17.0"
source = { registry = "https://pypi.org/simple" }
sdist = { url = "https://files.pythonhosted.org/packages/94/e7/b2c673351809dca68a0e064b6af791aa332cf192da575fd474ed7d6f16a2/six-1.17.0.tar.gz", hash = "sha256:ff70335d468e7eb6ec65b95b99d3a2836546063f63acc5171de367e834932a81", size = 34031 }
wheels = [
    { url = "https://files.pythonhosted.org/packages/b7/ce/149a00dd41f10bc29e5921b496af8b574d8413afcd5e30dfa0ed46c2cc5e/six-1.17.0-py2.py3-none-any.whl", hash = "sha256:4721f391ed90541fddacab5acf947aa0d3dc7d27b2e1e8eda2be8970586c3274", size = 11050 },
]

[[package]]
name = "slitherlink"
version = "0.1.0"
source = { virtual = "." }
dependencies = [
    { name = "pillow" },
    { name = "python-sat" },
    { name = "sv-ttk" },
]

[package.dev-dependencies]
dev = [
    { name = "beautifulsoup4" },
]

[package.metadata]
requires-dist = [
    { name = "pillow", specifier = ">=11.1.0" },
    { name = "python-sat", specifier = ">=1.8.dev14" },
    { name = "sv-ttk", specifier = ">=2.6.0" },
]

[package.metadata.requires-dev]
dev = [{ name = "beautifulsoup4", specifier = ">=4.13.3" }]

[[package]]
name = "soupsieve"
version = "2.6"
source = { registry = "https://pypi.org/simple" }
sdist = { url = "https://files.pythonhosted.org/packages/d7/ce/fbaeed4f9fb8b2daa961f90591662df6a86c1abf25c548329a86920aedfb/soupsieve-2.6.tar.gz", hash = "sha256:e2e68417777af359ec65daac1057404a3c8a5455bb8abc36f1a9866ab1a51abb", size = 101569 }
wheels = [
    { url = "https://files.pythonhosted.org/packages/d1/c2/fe97d779f3ef3b15f05c94a2f1e3d21732574ed441687474db9d342a7315/soupsieve-2.6-py3-none-any.whl", hash = "sha256:e72c4ff06e4fb6e4b5a9f0f55fe6e81514581fca1515028625d0f299c602ccc9", size = 36186 },
]

[[package]]
name = "sv-ttk"
version = "2.6.0"
source = { registry = "https://pypi.org/simple" }
sdist = { url = "https://files.pythonhosted.org/packages/40/da/6ad667a4bad4d66ec2d15206c1a1ad81d572679e516aae078824a6f35870/sv_ttk-2.6.0.tar.gz", hash = "sha256:3fd440396c95e30e88f686fcf28be425480f7320d6bf346f9cea5d6f56702cc2", size = 47214 }
wheels = [
    { url = "https://files.pythonhosted.org/packages/0f/3d/be0abc3202e90f282ad465f4e7c6e41bc8dce810ce5d1611566a1e7dfba8/sv_ttk-2.6.0-py3-none-any.whl", hash = "sha256:4319c52edf2e14732fe84bdc9788e26f9e9a1ad79451ec0f89f0120ffc8105d9", size = 49097 },
]

[[package]]
name = "typing-extensions"
version = "4.12.2"
source = { registry = "https://pypi.org/simple" }
sdist = { url = "https://files.pythonhosted.org/packages/df/db/f35a00659bc03fec321ba8bce9420de607a1d37f8342eee1863174c69557/typing_extensions-4.12.2.tar.gz", hash = "sha256:1a7ead55c7e559dd4dee8856e3a88b41225abfe1ce8df57b7c13915fe121ffb8", size = 85321 }
wheels = [
    { url = "https://files.pythonhosted.org/packages/26/9f/ad63fc0248c5379346306f8668cda6e2e2e9c95e01216d2b8ffd9ff037d0/typing_extensions-4.12.2-py3-none-any.whl", hash = "sha256:04e5ca0351e0f3f85c6853954072df659d0d13fac324d0072316b67d7794700d", size = 37438 },
]
